
Microsoft Visual Studio Solution File, Format Version 12.00
# Visual Studio Version 16
VisualStudioVersion = 16.0.31320.298
MinimumVisualStudioVersion = 10.0.40219.1
Project("{9A19103F-16F7-4668-BE54-9A1E7A4F7556}") = "ILNInteractive", "ILNInteractive\ILNInteractive.csproj", "{3FA187F1-231E-4644-9C69-A9666EAE4B30}"
EndProject
Global
	GlobalSection(SolutionConfigurationPlatforms) = preSolution
		Debug|Any CPU = Debug|Any CPU
		Release|Any CPU = Release|Any CPU
	EndGlobalSection
	GlobalSection(ProjectConfigurationPlatforms) = postSolution
		{3FA187F1-231E-4644-9C69-A9666EAE4B30}.Debug|Any CPU.ActiveCfg = Debug|Any CPU
		{3FA187F1-231E-4644-9C69-A9666EAE4B30}.Debug|Any CPU.Build.0 = Debug|Any CPU
		{3FA187F1-231E-4644-9C69-A9666EAE4B30}.Release|Any CPU.ActiveCfg = Release|Any CPU
		{3FA187F1-231E-4644-9C69-A9666EAE4B30}.Release|Any CPU.Build.0 = Release|Any CPU
	EndGlobalSection
	GlobalSection(SolutionProperties) = preSolution
		HideSolutionNode = FALSE
	EndGlobalSection
	GlobalSection(ExtensibilityGlobals) = postSolution
		SolutionGuid = {25C3863B-83D0-4977-AC8F-A3DA47A2F1EB}
	EndGlobalSection
EndGlobal
